<?xml version="1.0" encoding="UTF-8" standalone="yes" ?>
<CodeBlocks_project_file>
	<FileVersion major="1" minor="6" />
	<Project>
		<Option title="AdmEscolar" />
		<Option pch_mode="2" />
		<Option compiler="gcc" />
		<Build>
			<Target title="Debug">
				<Option output="bin/Debug/AdmEscolar" prefix_auto="1" extension_auto="1" />
				<Option object_output="obj/Debug/" />
				<Option type="1" />
				<Option compiler="gcc" />
				<Compiler>
					<Add option="-g" />
				</Compiler>
			</Target>
			<Target title="Release">
				<Option output="bin/Release/AdmEscolar" prefix_auto="1" extension_auto="1" />
				<Option object_output="obj/Release/" />
				<Option type="1" />
				<Option compiler="gcc" />
				<Compiler>
					<Add option="-O2" />
				</Compiler>
				<Linker>
					<Add option="-s" />
				</Linker>
			</Target>
		</Build>
		<Compiler>
			<Add option="-Wall" />
		</Compiler>
		<Unit filename="academico.c">
			<Option compilerVar="CC" />
		</Unit>
		<Unit filename="academico.h" />
		<Unit filename="aluno.c">
			<Option compilerVar="CC" />
		</Unit>
		<Unit filename="aluno.h" />
		<Unit filename="cargo.c">
			<Option compilerVar="CC" />
		</Unit>
		<Unit filename="cargo.h" />
		<Unit filename="curso.c">
			<Option compilerVar="CC" />
		</Unit>
		<Unit filename="curso.h" />
		<Unit filename="diretor.c">
			<Option compilerVar="CC" />
		</Unit>
		<Unit filename="diretor.h" />
		<Unit filename="disciplina.c">
			<Option compilerVar="CC" />
		</Unit>
		<Unit filename="disciplina.h" />
		<Unit filename="funcionario.c">
			<Option compilerVar="CC" />
		</Unit>
		<Unit filename="funcionario.h" />
		<Unit filename="horario.c">
			<Option compilerVar="CC" />
		</Unit>
		<Unit filename="horario.h" />
		<Unit filename="main.c">
			<Option compilerVar="CC" />
		</Unit>
		<Unit filename="matricula.c">
			<Option compilerVar="CC" />
		</Unit>
		<Unit filename="matricula.h" />
		<Unit filename="professor.c">
			<Option compilerVar="CC" />
		</Unit>
		<Unit filename="professor.h" />
		<Unit filename="turma.c">
			<Option compilerVar="CC" />
		</Unit>
		<Unit filename="turma.h" />
		<Extensions>
			<code_completion />
			<envvars />
			<debugger />
			<lib_finder disable_auto="1" />
		</Extensions>
	</Project>
</CodeBlocks_project_file>
